
Microsoft Visual Studio Solution File, Format Version 12.00
Project("{FAE04EC0-301F-11D3-BF4B-00C04F79EFBC}") = "Cw6", "Cw6\Cw6.csproj", "{70AD1528-848B-41F6-9322-6E7ECC4CF731}"
EndProject
Global
	GlobalSection(SolutionConfigurationPlatforms) = preSolution
		Debug|Any CPU = Debug|Any CPU
		Release|Any CPU = Release|Any CPU
	EndGlobalSection
	GlobalSection(ProjectConfigurationPlatforms) = postSolution
		{70AD1528-848B-41F6-9322-6E7ECC4CF731}.Debug|Any CPU.ActiveCfg = Debug|Any CPU
		{70AD1528-848B-41F6-9322-6E7ECC4CF731}.Debug|Any CPU.Build.0 = Debug|Any CPU
		{70AD1528-848B-41F6-9322-6E7ECC4CF731}.Release|Any CPU.ActiveCfg = Release|Any CPU
		{70AD1528-848B-41F6-9322-6E7ECC4CF731}.Release|Any CPU.Build.0 = Release|Any CPU
	EndGlobalSection
EndGlobal
